
Microsoft Visual Studio Solution File, Format Version 12.00
# Visual Studio Version 17
VisualStudioVersion = 17.5.002.0
MinimumVisualStudioVersion = 10.0.40219.1
Project("{9A19103F-16F7-4668-BE54-9A1E7A4F7556}") = "rest_api_template", "rest_api_template.csproj", "{5866E117-BE77-46CC-B01B-35C15A501398}"
EndProject
Global
	GlobalSection(SolutionConfigurationPlatforms) = preSolution
		Debug|Any CPU = Debug|Any CPU
		Release|Any CPU = Release|Any CPU
	EndGlobalSection
	GlobalSection(ProjectConfigurationPlatforms) = postSolution
		{5866E117-BE77-46CC-B01B-35C15A501398}.Debug|Any CPU.ActiveCfg = Debug|Any CPU
		{5866E117-BE77-46CC-B01B-35C15A501398}.Debug|Any CPU.Build.0 = Debug|Any CPU
		{5866E117-BE77-46CC-B01B-35C15A501398}.Release|Any CPU.ActiveCfg = Release|Any CPU
		{5866E117-BE77-46CC-B01B-35C15A501398}.Release|Any CPU.Build.0 = Release|Any CPU
	EndGlobalSection
	GlobalSection(SolutionProperties) = preSolution
		HideSolutionNode = FALSE
	EndGlobalSection
	GlobalSection(ExtensibilityGlobals) = postSolution
		SolutionGuid = {0F31783F-3715-436E-8D62-6C9BE0EA74EF}
	EndGlobalSection
EndGlobal
