
Microsoft Visual Studio Solution File, Format Version 12.00
# Visual Studio Version 17
VisualStudioVersion = 17.10.35013.160
MinimumVisualStudioVersion = 10.0.40219.1
Project("{9A19103F-16F7-4668-BE54-9A1E7A4F7556}") = "Test", "test\Test.csproj", "{397AC693-6065-43EC-85FF-5B5283D2778C}"
EndProject
Project("{2150E333-8FDC-42A3-9474-1A3956D46DE8}") = "Solution Items", "Solution Items", "{2B430346-804E-4B20-B62F-3B52970CFA9C}"
	ProjectSection(SolutionItems) = preProject
		global.json = global.json
		readme.md = readme.md
		sonar-project.properties = sonar-project.properties
	EndProjectSection
EndProject
Project("{2150E333-8FDC-42A3-9474-1A3956D46DE8}") = "src", "src", "{8FF6930F-B34E-47E0-A517-DE06C2DA8267}"
EndProject
Project("{2150E333-8FDC-42A3-9474-1A3956D46DE8}") = "test", "test", "{43AE5B64-30EF-4797-93EF-C3D8970CBE20}"
EndProject
Project("{FAE04EC0-301F-11D3-BF4B-00C04F79EFBC}") = "API", "src\API\API.csproj", "{2015079C-0F3F-430C-8DCD-730FAE5547DD}"
EndProject
Project("{FAE04EC0-301F-11D3-BF4B-00C04F79EFBC}") = "Core", "src\Core\Core.csproj", "{AF61F260-65F0-489A-AE7F-33101257C14C}"
EndProject
Project("{FAE04EC0-301F-11D3-BF4B-00C04F79EFBC}") = "Business", "src\Business\Business.csproj", "{2A521760-3008-42CE-A2C2-8469F3D04C90}"
EndProject
Project("{FAE04EC0-301F-11D3-BF4B-00C04F79EFBC}") = "Data", "src\Data\Data.csproj", "{E8E9FDF2-8513-4DD9-A81A-7CC11C47CEA0}"
EndProject
Global
	GlobalSection(SolutionConfigurationPlatforms) = preSolution
		Debug|Any CPU = Debug|Any CPU
		Release|Any CPU = Release|Any CPU
	EndGlobalSection
	GlobalSection(ProjectConfigurationPlatforms) = postSolution
		{397AC693-6065-43EC-85FF-5B5283D2778C}.Debug|Any CPU.ActiveCfg = Debug|Any CPU
		{397AC693-6065-43EC-85FF-5B5283D2778C}.Debug|Any CPU.Build.0 = Debug|Any CPU
		{397AC693-6065-43EC-85FF-5B5283D2778C}.Release|Any CPU.ActiveCfg = Release|Any CPU
		{397AC693-6065-43EC-85FF-5B5283D2778C}.Release|Any CPU.Build.0 = Release|Any CPU
		{2015079C-0F3F-430C-8DCD-730FAE5547DD}.Debug|Any CPU.ActiveCfg = Debug|Any CPU
		{2015079C-0F3F-430C-8DCD-730FAE5547DD}.Debug|Any CPU.Build.0 = Debug|Any CPU
		{2015079C-0F3F-430C-8DCD-730FAE5547DD}.Release|Any CPU.ActiveCfg = Release|Any CPU
		{2015079C-0F3F-430C-8DCD-730FAE5547DD}.Release|Any CPU.Build.0 = Release|Any CPU
		{AF61F260-65F0-489A-AE7F-33101257C14C}.Debug|Any CPU.ActiveCfg = Debug|Any CPU
		{AF61F260-65F0-489A-AE7F-33101257C14C}.Debug|Any CPU.Build.0 = Debug|Any CPU
		{AF61F260-65F0-489A-AE7F-33101257C14C}.Release|Any CPU.ActiveCfg = Release|Any CPU
		{AF61F260-65F0-489A-AE7F-33101257C14C}.Release|Any CPU.Build.0 = Release|Any CPU
		{2A521760-3008-42CE-A2C2-8469F3D04C90}.Debug|Any CPU.ActiveCfg = Debug|Any CPU
		{2A521760-3008-42CE-A2C2-8469F3D04C90}.Debug|Any CPU.Build.0 = Debug|Any CPU
		{2A521760-3008-42CE-A2C2-8469F3D04C90}.Release|Any CPU.ActiveCfg = Release|Any CPU
		{2A521760-3008-42CE-A2C2-8469F3D04C90}.Release|Any CPU.Build.0 = Release|Any CPU
		{E8E9FDF2-8513-4DD9-A81A-7CC11C47CEA0}.Debug|Any CPU.ActiveCfg = Debug|Any CPU
		{E8E9FDF2-8513-4DD9-A81A-7CC11C47CEA0}.Debug|Any CPU.Build.0 = Debug|Any CPU
		{E8E9FDF2-8513-4DD9-A81A-7CC11C47CEA0}.Release|Any CPU.ActiveCfg = Release|Any CPU
		{E8E9FDF2-8513-4DD9-A81A-7CC11C47CEA0}.Release|Any CPU.Build.0 = Release|Any CPU
	EndGlobalSection
	GlobalSection(SolutionProperties) = preSolution
		HideSolutionNode = FALSE
	EndGlobalSection
	GlobalSection(NestedProjects) = preSolution
		{397AC693-6065-43EC-85FF-5B5283D2778C} = {43AE5B64-30EF-4797-93EF-C3D8970CBE20}
		{2015079C-0F3F-430C-8DCD-730FAE5547DD} = {8FF6930F-B34E-47E0-A517-DE06C2DA8267}
		{AF61F260-65F0-489A-AE7F-33101257C14C} = {8FF6930F-B34E-47E0-A517-DE06C2DA8267}
		{2A521760-3008-42CE-A2C2-8469F3D04C90} = {8FF6930F-B34E-47E0-A517-DE06C2DA8267}
		{E8E9FDF2-8513-4DD9-A81A-7CC11C47CEA0} = {8FF6930F-B34E-47E0-A517-DE06C2DA8267}
	EndGlobalSection
	GlobalSection(ExtensibilityGlobals) = postSolution
		SolutionGuid = {D2283161-930F-4491-8513-9825B9C88EB7}
	EndGlobalSection
EndGlobal
