
Microsoft Visual Studio Solution File, Format Version 12.00
# Visual Studio Version 17
VisualStudioVersion = 17.10.35013.160
MinimumVisualStudioVersion = 10.0.40219.1
Project("{2150E333-8FDC-42A3-9474-1A3956D46DE8}") = "Solution Items", "Solution Items", "{2B430346-804E-4B20-B62F-3B52970CFA9C}"
	ProjectSection(SolutionItems) = preProject
		global.json = global.json
		readme.md = readme.md
	EndProjectSection
EndProject
Project("{2150E333-8FDC-42A3-9474-1A3956D46DE8}") = "src", "src", "{8FF6930F-B34E-47E0-A517-DE06C2DA8267}"
EndProject
Project("{9A19103F-16F7-4668-BE54-9A1E7A4F7556}") = "API", "src\API\API.csproj", "{2015079C-0F3F-430C-8DCD-730FAE5547DD}"
EndProject
Project("{9A19103F-16F7-4668-BE54-9A1E7A4F7556}") = "Core", "src\Core\Core.csproj", "{AF61F260-65F0-489A-AE7F-33101257C14C}"
EndProject
Project("{9A19103F-16F7-4668-BE54-9A1E7A4F7556}") = "Business", "src\Business\Business.csproj", "{2A521760-3008-42CE-A2C2-8469F3D04C90}"
EndProject
Project("{9A19103F-16F7-4668-BE54-9A1E7A4F7556}") = "DAL", "src\Data\DAL.csproj", "{E8E9FDF2-8513-4DD9-A81A-7CC11C47CEA0}"
EndProject
Project("{2150E333-8FDC-42A3-9474-1A3956D46DE8}") = "test", "test", "{1E1CF267-B4EF-4D5C-9D1E-2B34285450D3}"
EndProject
Project("{9A19103F-16F7-4668-BE54-9A1E7A4F7556}") = "APITest", "test\APITest\APITest.csproj", "{6633842B-66E1-4554-80BE-822EEA147719}"
EndProject
Project("{9A19103F-16F7-4668-BE54-9A1E7A4F7556}") = "BusinessTest", "test\BusinessTest\BusinessTest.csproj", "{2112DB11-46DE-4CBB-90B2-132B2D63DF6B}"
EndProject
Project("{9A19103F-16F7-4668-BE54-9A1E7A4F7556}") = "Middlewares", "Middlewares\Middlewares.csproj", "{3B4BDA99-F797-4F17-AFF7-7B4C936D563C}"
EndProject
Project("{9A19103F-16F7-4668-BE54-9A1E7A4F7556}") = "Instrumentation", "src\Instrumentation\Instrumentation.csproj", "{5DF3427A-197F-486E-9C03-7D67404697C4}"
EndProject
Global
	GlobalSection(SolutionConfigurationPlatforms) = preSolution
		Debug|Any CPU = Debug|Any CPU
		Release|Any CPU = Release|Any CPU
	EndGlobalSection
	GlobalSection(ProjectConfigurationPlatforms) = postSolution
		{2015079C-0F3F-430C-8DCD-730FAE5547DD}.Debug|Any CPU.ActiveCfg = Debug|Any CPU
		{2015079C-0F3F-430C-8DCD-730FAE5547DD}.Debug|Any CPU.Build.0 = Debug|Any CPU
		{2015079C-0F3F-430C-8DCD-730FAE5547DD}.Release|Any CPU.ActiveCfg = Release|Any CPU
		{2015079C-0F3F-430C-8DCD-730FAE5547DD}.Release|Any CPU.Build.0 = Release|Any CPU
		{AF61F260-65F0-489A-AE7F-33101257C14C}.Debug|Any CPU.ActiveCfg = Debug|Any CPU
		{AF61F260-65F0-489A-AE7F-33101257C14C}.Debug|Any CPU.Build.0 = Debug|Any CPU
		{AF61F260-65F0-489A-AE7F-33101257C14C}.Release|Any CPU.ActiveCfg = Release|Any CPU
		{AF61F260-65F0-489A-AE7F-33101257C14C}.Release|Any CPU.Build.0 = Release|Any CPU
		{2A521760-3008-42CE-A2C2-8469F3D04C90}.Debug|Any CPU.ActiveCfg = Debug|Any CPU
		{2A521760-3008-42CE-A2C2-8469F3D04C90}.Debug|Any CPU.Build.0 = Debug|Any CPU
		{2A521760-3008-42CE-A2C2-8469F3D04C90}.Release|Any CPU.ActiveCfg = Release|Any CPU
		{2A521760-3008-42CE-A2C2-8469F3D04C90}.Release|Any CPU.Build.0 = Release|Any CPU
		{E8E9FDF2-8513-4DD9-A81A-7CC11C47CEA0}.Debug|Any CPU.ActiveCfg = Debug|Any CPU
		{E8E9FDF2-8513-4DD9-A81A-7CC11C47CEA0}.Debug|Any CPU.Build.0 = Debug|Any CPU
		{E8E9FDF2-8513-4DD9-A81A-7CC11C47CEA0}.Release|Any CPU.ActiveCfg = Release|Any CPU
		{E8E9FDF2-8513-4DD9-A81A-7CC11C47CEA0}.Release|Any CPU.Build.0 = Release|Any CPU
		{6633842B-66E1-4554-80BE-822EEA147719}.Debug|Any CPU.ActiveCfg = Debug|Any CPU
		{6633842B-66E1-4554-80BE-822EEA147719}.Debug|Any CPU.Build.0 = Debug|Any CPU
		{6633842B-66E1-4554-80BE-822EEA147719}.Release|Any CPU.ActiveCfg = Release|Any CPU
		{6633842B-66E1-4554-80BE-822EEA147719}.Release|Any CPU.Build.0 = Release|Any CPU
		{2112DB11-46DE-4CBB-90B2-132B2D63DF6B}.Debug|Any CPU.ActiveCfg = Debug|Any CPU
		{2112DB11-46DE-4CBB-90B2-132B2D63DF6B}.Debug|Any CPU.Build.0 = Debug|Any CPU
		{2112DB11-46DE-4CBB-90B2-132B2D63DF6B}.Release|Any CPU.ActiveCfg = Release|Any CPU
		{2112DB11-46DE-4CBB-90B2-132B2D63DF6B}.Release|Any CPU.Build.0 = Release|Any CPU
		{3B4BDA99-F797-4F17-AFF7-7B4C936D563C}.Debug|Any CPU.ActiveCfg = Debug|Any CPU
		{3B4BDA99-F797-4F17-AFF7-7B4C936D563C}.Debug|Any CPU.Build.0 = Debug|Any CPU
		{3B4BDA99-F797-4F17-AFF7-7B4C936D563C}.Release|Any CPU.ActiveCfg = Release|Any CPU
		{3B4BDA99-F797-4F17-AFF7-7B4C936D563C}.Release|Any CPU.Build.0 = Release|Any CPU
		{5DF3427A-197F-486E-9C03-7D67404697C4}.Debug|Any CPU.ActiveCfg = Debug|Any CPU
		{5DF3427A-197F-486E-9C03-7D67404697C4}.Debug|Any CPU.Build.0 = Debug|Any CPU
		{5DF3427A-197F-486E-9C03-7D67404697C4}.Release|Any CPU.ActiveCfg = Release|Any CPU
		{5DF3427A-197F-486E-9C03-7D67404697C4}.Release|Any CPU.Build.0 = Release|Any CPU
	EndGlobalSection
	GlobalSection(SolutionProperties) = preSolution
		HideSolutionNode = FALSE
	EndGlobalSection
	GlobalSection(NestedProjects) = preSolution
		{2015079C-0F3F-430C-8DCD-730FAE5547DD} = {8FF6930F-B34E-47E0-A517-DE06C2DA8267}
		{AF61F260-65F0-489A-AE7F-33101257C14C} = {8FF6930F-B34E-47E0-A517-DE06C2DA8267}
		{2A521760-3008-42CE-A2C2-8469F3D04C90} = {8FF6930F-B34E-47E0-A517-DE06C2DA8267}
		{E8E9FDF2-8513-4DD9-A81A-7CC11C47CEA0} = {8FF6930F-B34E-47E0-A517-DE06C2DA8267}
		{6633842B-66E1-4554-80BE-822EEA147719} = {1E1CF267-B4EF-4D5C-9D1E-2B34285450D3}
		{2112DB11-46DE-4CBB-90B2-132B2D63DF6B} = {1E1CF267-B4EF-4D5C-9D1E-2B34285450D3}
		{3B4BDA99-F797-4F17-AFF7-7B4C936D563C} = {8FF6930F-B34E-47E0-A517-DE06C2DA8267}
		{5DF3427A-197F-486E-9C03-7D67404697C4} = {8FF6930F-B34E-47E0-A517-DE06C2DA8267}
	EndGlobalSection
	GlobalSection(ExtensibilityGlobals) = postSolution
		SolutionGuid = {D2283161-930F-4491-8513-9825B9C88EB7}
	EndGlobalSection
EndGlobal
